
Microsoft Visual Studio Solution File, Format Version 12.00
# Visual Studio Version 17
VisualStudioVersion = 17.7.34031.279
MinimumVisualStudioVersion = 10.0.40219.1
Project("{FAE04EC0-301F-11D3-BF4B-00C04F79EFBC}") = "lecture_#1_hw", "lecture_#1_hw.csproj", "{BEA370F4-7840-44AF-8594-7B0DB43CB521}"
EndProject
Global
	GlobalSection(SolutionConfigurationPlatforms) = preSolution
		Debug|Any CPU = Debug|Any CPU
		Release|Any CPU = Release|Any CPU
	EndGlobalSection
	GlobalSection(ProjectConfigurationPlatforms) = postSolution
		{BEA370F4-7840-44AF-8594-7B0DB43CB521}.Debug|Any CPU.ActiveCfg = Debug|Any CPU
		{BEA370F4-7840-44AF-8594-7B0DB43CB521}.Debug|Any CPU.Build.0 = Debug|Any CPU
		{BEA370F4-7840-44AF-8594-7B0DB43CB521}.Release|Any CPU.ActiveCfg = Release|Any CPU
		{BEA370F4-7840-44AF-8594-7B0DB43CB521}.Release|Any CPU.Build.0 = Release|Any CPU
	EndGlobalSection
	GlobalSection(SolutionProperties) = preSolution
		HideSolutionNode = FALSE
	EndGlobalSection
	GlobalSection(ExtensibilityGlobals) = postSolution
		SolutionGuid = {E307BBF5-1212-4104-89B8-E097F6537145}
	EndGlobalSection
EndGlobal
